
Microsoft Visual Studio Solution File, Format Version 12.00
# Visual Studio Version 17
VisualStudioVersion = 17.10.35027.167
MinimumVisualStudioVersion = 10.0.40219.1
Project("{FAE04EC0-301F-11D3-BF4B-00C04F79EFBC}") = "TestApp", "TestApp\TestApp.csproj", "{5A874E01-B518-4CCD-AF70-BCAF4578BBA1}"
EndProject
Global
	GlobalSection(SolutionConfigurationPlatforms) = preSolution
		Debug|Any CPU = Debug|Any CPU
		Release|Any CPU = Release|Any CPU
	EndGlobalSection
	GlobalSection(ProjectConfigurationPlatforms) = postSolution
		{5A874E01-B518-4CCD-AF70-BCAF4578BBA1}.Debug|Any CPU.ActiveCfg = Debug|Any CPU
		{5A874E01-B518-4CCD-AF70-BCAF4578BBA1}.Debug|Any CPU.Build.0 = Debug|Any CPU
		{5A874E01-B518-4CCD-AF70-BCAF4578BBA1}.Release|Any CPU.ActiveCfg = Release|Any CPU
		{5A874E01-B518-4CCD-AF70-BCAF4578BBA1}.Release|Any CPU.Build.0 = Release|Any CPU
	EndGlobalSection
	GlobalSection(SolutionProperties) = preSolution
		HideSolutionNode = FALSE
	EndGlobalSection
	GlobalSection(ExtensibilityGlobals) = postSolution
		SolutionGuid = {E494FBC6-0A88-4B18-A6D5-2AA0903359A1}
	EndGlobalSection
EndGlobal
